
Microsoft Visual Studio Solution File, Format Version 12.00
# Visual Studio Version 17
VisualStudioVersion = 17.3.32825.248
MinimumVisualStudioVersion = 10.0.40219.1
Project("{9A19103F-16F7-4668-BE54-9A1E7A4F7556}") = "Blog.Web", "Blog.Web\Blog.Web.csproj", "{5AA5F856-1B03-4C2D-8DCB-7466F5E7F2A1}"
EndProject
Project("{FAE04EC0-301F-11D3-BF4B-00C04F79EFBC}") = "BlogTest", "BlogTest\BlogTest.csproj", "{8AA96F79-464A-4F80-948A-564AD2AFD25A}"
EndProject
Global
	GlobalSection(SolutionConfigurationPlatforms) = preSolution
		Debug|Any CPU = Debug|Any CPU
		Release|Any CPU = Release|Any CPU
	EndGlobalSection
	GlobalSection(ProjectConfigurationPlatforms) = postSolution
		{5AA5F856-1B03-4C2D-8DCB-7466F5E7F2A1}.Debug|Any CPU.ActiveCfg = Debug|Any CPU
		{5AA5F856-1B03-4C2D-8DCB-7466F5E7F2A1}.Debug|Any CPU.Build.0 = Debug|Any CPU
		{5AA5F856-1B03-4C2D-8DCB-7466F5E7F2A1}.Release|Any CPU.ActiveCfg = Release|Any CPU
		{5AA5F856-1B03-4C2D-8DCB-7466F5E7F2A1}.Release|Any CPU.Build.0 = Release|Any CPU
		{8AA96F79-464A-4F80-948A-564AD2AFD25A}.Debug|Any CPU.ActiveCfg = Debug|Any CPU
		{8AA96F79-464A-4F80-948A-564AD2AFD25A}.Debug|Any CPU.Build.0 = Debug|Any CPU
		{8AA96F79-464A-4F80-948A-564AD2AFD25A}.Release|Any CPU.ActiveCfg = Release|Any CPU
		{8AA96F79-464A-4F80-948A-564AD2AFD25A}.Release|Any CPU.Build.0 = Release|Any CPU
	EndGlobalSection
	GlobalSection(SolutionProperties) = preSolution
		HideSolutionNode = FALSE
	EndGlobalSection
	GlobalSection(ExtensibilityGlobals) = postSolution
		SolutionGuid = {17D695D2-742D-4E5F-8DE2-26E8FCCB80E4}
	EndGlobalSection
EndGlobal
